// !$*UTF8*$!
{
	archiveVersion = 1;
	classes = {
	};
	objectVersion = 77;
	objects = {

/* Begin PBXBuildFile section */
		A882424447D1D126BC76AC1F /* Pods_NBCamp_TeamBoard.framework in Frameworks */ = {isa = PBXBuildFile; fileRef = 645B5EE1E88B77EDDA0EBB9D /* Pods_NBCamp_TeamBoard.framework */; };
		E51D075D2D79D3DA001F8C5D /* Assets.xcassets in Resources */ = {isa = PBXBuildFile; fileRef = E51D07542D79D3DA001F8C5D /* Assets.xcassets */; };
		E51D075F2D79D3DA001F8C5D /* LaunchScreen.storyboard in Resources */ = {isa = PBXBuildFile; fileRef = E51D07572D79D3DA001F8C5D /* LaunchScreen.storyboard */; };
		E51D07602D79D3DA001F8C5D /* CoreDataManager.swift in Sources */ = {isa = PBXBuildFile; fileRef = E51D07442D79D3DA001F8C5D /* CoreDataManager.swift */; };
		E51D07612D79D3DA001F8C5D /* MainViewModel.swift in Sources */ = {isa = PBXBuildFile; fileRef = E51D07462D79D3DA001F8C5D /* MainViewModel.swift */; };
		E51D076C2D79D3DA001F8C5D /* AppDelegate.swift in Sources */ = {isa = PBXBuildFile; fileRef = E51D07532D79D3DA001F8C5D /* AppDelegate.swift */; };
		E51D076D2D79D3DA001F8C5D /* SceneDelegate.swift in Sources */ = {isa = PBXBuildFile; fileRef = E51D07582D79D3DA001F8C5D /* SceneDelegate.swift */; };
		E51D076E2D79D3DA001F8C5D /* TeamData.xcdatamodeld in Sources */ = {isa = PBXBuildFile; fileRef = E51D07592D79D3DA001F8C5D /* TeamData.xcdatamodeld */; };
		E51D07792D79D41A001F8C5D /* AddMemberCell.swift in Sources */ = {isa = PBXBuildFile; fileRef = E51D07712D79D41A001F8C5D /* AddMemberCell.swift */; };
		E51D077A2D79D41A001F8C5D /* AddTeamCell.swift in Sources */ = {isa = PBXBuildFile; fileRef = E51D07722D79D41A001F8C5D /* AddTeamCell.swift */; };
		E51D077C2D79D41A001F8C5D /* MainViewController.swift in Sources */ = {isa = PBXBuildFile; fileRef = E51D07742D79D41A001F8C5D /* MainViewController.swift */; };
		E51D077D2D79D41A001F8C5D /* MemberCell.swift in Sources */ = {isa = PBXBuildFile; fileRef = E51D07752D79D41A001F8C5D /* MemberCell.swift */; };
		E51D077E2D79D41A001F8C5D /* TeamCell.swift in Sources */ = {isa = PBXBuildFile; fileRef = E51D07762D79D41A001F8C5D /* TeamCell.swift */; };
		E51D077F2D79D41A001F8C5D /* TitleSupplementaryView.swift in Sources */ = {isa = PBXBuildFile; fileRef = E51D07772D79D41A001F8C5D /* TitleSupplementaryView.swift */; };
		E51D07842D79DBA4001F8C5D /* AddTeamViewController.swift in Sources */ = {isa = PBXBuildFile; fileRef = E51D07812D79DBA4001F8C5D /* AddTeamViewController.swift */; };
		E51D07852D79DBA4001F8C5D /* TeamDetailViewController.swift in Sources */ = {isa = PBXBuildFile; fileRef = E51D07822D79DBA4001F8C5D /* TeamDetailViewController.swift */; };
		E51D078C2D79E468001F8C5D /* MemberDetailView.swift in Sources */ = {isa = PBXBuildFile; fileRef = E51D078A2D79E468001F8C5D /* MemberDetailView.swift */; };
		E51D078D2D79E468001F8C5D /* MemberDetailViewController.swift in Sources */ = {isa = PBXBuildFile; fileRef = E51D078B2D79E468001F8C5D /* MemberDetailViewController.swift */; };
		E56A7F802D79E7250043475A /* ProfileViewController.swift in Sources */ = {isa = PBXBuildFile; fileRef = E56A7F7E2D79E7250043475A /* ProfileViewController.swift */; };
/* End PBXBuildFile section */

/* Begin PBXFileReference section */
		0047981FD8A9E11CB13C0D24 /* Pods-NBCamp-TeamBoard.release.xcconfig */ = {isa = PBXFileReference; includeInIndex = 1; lastKnownFileType = text.xcconfig; name = "Pods-NBCamp-TeamBoard.release.xcconfig"; path = "Target Support Files/Pods-NBCamp-TeamBoard/Pods-NBCamp-TeamBoard.release.xcconfig"; sourceTree = "<group>"; };
		18A8A5D12FCE0E4BB2E9317B /* Pods-NBCamp-TeamBoard.debug.xcconfig */ = {isa = PBXFileReference; includeInIndex = 1; lastKnownFileType = text.xcconfig; name = "Pods-NBCamp-TeamBoard.debug.xcconfig"; path = "Target Support Files/Pods-NBCamp-TeamBoard/Pods-NBCamp-TeamBoard.debug.xcconfig"; sourceTree = "<group>"; };
		618135302D757E000007B7A5 /* NBCamp-TeamBoard.app */ = {isa = PBXFileReference; explicitFileType = wrapper.application; includeInIndex = 0; path = "NBCamp-TeamBoard.app"; sourceTree = BUILT_PRODUCTS_DIR; };
		645B5EE1E88B77EDDA0EBB9D /* Pods_NBCamp_TeamBoard.framework */ = {isa = PBXFileReference; explicitFileType = wrapper.framework; includeInIndex = 0; path = Pods_NBCamp_TeamBoard.framework; sourceTree = BUILT_PRODUCTS_DIR; };
		E51D07442D79D3DA001F8C5D /* CoreDataManager.swift */ = {isa = PBXFileReference; lastKnownFileType = sourcecode.swift; path = CoreDataManager.swift; sourceTree = "<group>"; };
		E51D07462D79D3DA001F8C5D /* MainViewModel.swift */ = {isa = PBXFileReference; lastKnownFileType = sourcecode.swift; path = MainViewModel.swift; sourceTree = "<group>"; };
		E51D07532D79D3DA001F8C5D /* AppDelegate.swift */ = {isa = PBXFileReference; lastKnownFileType = sourcecode.swift; path = AppDelegate.swift; sourceTree = "<group>"; };
		E51D07542D79D3DA001F8C5D /* Assets.xcassets */ = {isa = PBXFileReference; lastKnownFileType = folder.assetcatalog; path = Assets.xcassets; sourceTree = "<group>"; };
		E51D07552D79D3DA001F8C5D /* Info.plist */ = {isa = PBXFileReference; lastKnownFileType = text.plist.xml; path = Info.plist; sourceTree = "<group>"; };
		E51D07562D79D3DA001F8C5D /* Base */ = {isa = PBXFileReference; lastKnownFileType = file.storyboard; name = Base; path = Base.lproj/LaunchScreen.storyboard; sourceTree = "<group>"; };
		E51D07582D79D3DA001F8C5D /* SceneDelegate.swift */ = {isa = PBXFileReference; lastKnownFileType = sourcecode.swift; path = SceneDelegate.swift; sourceTree = "<group>"; };
		E51D075C2D79D3DA001F8C5D /* TeamData.xcdatamodel */ = {isa = PBXFileReference; lastKnownFileType = wrapper.xcdatamodel; path = TeamData.xcdatamodel; sourceTree = "<group>"; };
		E51D07712D79D41A001F8C5D /* AddMemberCell.swift */ = {isa = PBXFileReference; lastKnownFileType = sourcecode.swift; path = AddMemberCell.swift; sourceTree = "<group>"; };
		E51D07722D79D41A001F8C5D /* AddTeamCell.swift */ = {isa = PBXFileReference; lastKnownFileType = sourcecode.swift; path = AddTeamCell.swift; sourceTree = "<group>"; };
		E51D07742D79D41A001F8C5D /* MainViewController.swift */ = {isa = PBXFileReference; lastKnownFileType = sourcecode.swift; path = MainViewController.swift; sourceTree = "<group>"; };
		E51D07752D79D41A001F8C5D /* MemberCell.swift */ = {isa = PBXFileReference; lastKnownFileType = sourcecode.swift; path = MemberCell.swift; sourceTree = "<group>"; };
		E51D07762D79D41A001F8C5D /* TeamCell.swift */ = {isa = PBXFileReference; lastKnownFileType = sourcecode.swift; path = TeamCell.swift; sourceTree = "<group>"; };
		E51D07772D79D41A001F8C5D /* TitleSupplementaryView.swift */ = {isa = PBXFileReference; lastKnownFileType = sourcecode.swift; path = TitleSupplementaryView.swift; sourceTree = "<group>"; };
		E51D07812D79DBA4001F8C5D /* AddTeamViewController.swift */ = {isa = PBXFileReference; lastKnownFileType = sourcecode.swift; path = AddTeamViewController.swift; sourceTree = "<group>"; };
		E51D07822D79DBA4001F8C5D /* TeamDetailViewController.swift */ = {isa = PBXFileReference; lastKnownFileType = sourcecode.swift; path = TeamDetailViewController.swift; sourceTree = "<group>"; };
		E51D078A2D79E468001F8C5D /* MemberDetailView.swift */ = {isa = PBXFileReference; lastKnownFileType = sourcecode.swift; path = MemberDetailView.swift; sourceTree = "<group>"; };
		E51D078B2D79E468001F8C5D /* MemberDetailViewController.swift */ = {isa = PBXFileReference; lastKnownFileType = sourcecode.swift; path = MemberDetailViewController.swift; sourceTree = "<group>"; };
		E56A7F7E2D79E7250043475A /* ProfileViewController.swift */ = {isa = PBXFileReference; lastKnownFileType = sourcecode.swift; path = ProfileViewController.swift; sourceTree = "<group>"; };
/* End PBXFileReference section */

/* Begin PBXFrameworksBuildPhase section */
		6181352D2D757E000007B7A5 /* Frameworks */ = {
			isa = PBXFrameworksBuildPhase;
			buildActionMask = 2147483647;
			files = (
				A882424447D1D126BC76AC1F /* Pods_NBCamp_TeamBoard.framework in Frameworks */,
			);
			runOnlyForDeploymentPostprocessing = 0;
		};
/* End PBXFrameworksBuildPhase section */

/* Begin PBXGroup section */
		0E16FCCC9F2C616AEFDDEA46 /* Pods */ = {
			isa = PBXGroup;
			children = (
				18A8A5D12FCE0E4BB2E9317B /* Pods-NBCamp-TeamBoard.debug.xcconfig */,
				0047981FD8A9E11CB13C0D24 /* Pods-NBCamp-TeamBoard.release.xcconfig */,
			);
			path = Pods;
			sourceTree = "<group>";
		};
		618135272D757E000007B7A5 = {
			isa = PBXGroup;
			children = (
				E51D075B2D79D3DA001F8C5D /* NBCamp-TeamBoard */,
				618135312D757E000007B7A5 /* Products */,
				0E16FCCC9F2C616AEFDDEA46 /* Pods */,
				EE732B9A9428602FC7DA125F /* Frameworks */,
			);
			sourceTree = "<group>";
		};
		618135312D757E000007B7A5 /* Products */ = {
			isa = PBXGroup;
			children = (
				618135302D757E000007B7A5 /* NBCamp-TeamBoard.app */,
			);
			name = Products;
			sourceTree = "<group>";
		};
		E51D07452D79D3DA001F8C5D /* Models */ = {
			isa = PBXGroup;
			children = (
				E51D07442D79D3DA001F8C5D /* CoreDataManager.swift */,
			);
			path = Models;
			sourceTree = "<group>";
		};
		E51D07482D79D3DA001F8C5D /* ViewModels */ = {
			isa = PBXGroup;
			children = (
				E51D07462D79D3DA001F8C5D /* MainViewModel.swift */,
			);
			path = ViewModels;
			sourceTree = "<group>";
		};
		E51D07522D79D3DA001F8C5D /* Views */ = {
			isa = PBXGroup;
			children = (
				E56A7F7C2D79E5C60043475A /* MemberView */,
				E51D07782D79D41A001F8C5D /* MainView */,
				E51D07832D79DBA4001F8C5D /* TeamView */,
			);
			path = Views;
			sourceTree = "<group>";
		};
		E51D075B2D79D3DA001F8C5D /* NBCamp-TeamBoard */ = {
			isa = PBXGroup;
			children = (
				E51D07532D79D3DA001F8C5D /* AppDelegate.swift */,
				E51D07582D79D3DA001F8C5D /* SceneDelegate.swift */,
				E51D07452D79D3DA001F8C5D /* Models */,
				E51D07482D79D3DA001F8C5D /* ViewModels */,
				E51D07522D79D3DA001F8C5D /* Views */,
				E51D07572D79D3DA001F8C5D /* LaunchScreen.storyboard */,
				E51D07542D79D3DA001F8C5D /* Assets.xcassets */,
				E51D07552D79D3DA001F8C5D /* Info.plist */,
				E51D07592D79D3DA001F8C5D /* TeamData.xcdatamodeld */,
			);
			path = "NBCamp-TeamBoard";
			sourceTree = "<group>";
		};
		E51D07782D79D41A001F8C5D /* MainView */ = {
			isa = PBXGroup;
			children = (
				E51D07742D79D41A001F8C5D /* MainViewController.swift */,
				E51D07722D79D41A001F8C5D /* AddTeamCell.swift */,
				E51D07712D79D41A001F8C5D /* AddMemberCell.swift */,
				E51D07762D79D41A001F8C5D /* TeamCell.swift */,
				E51D07752D79D41A001F8C5D /* MemberCell.swift */,
				E51D07772D79D41A001F8C5D /* TitleSupplementaryView.swift */,
			);
			path = MainView;
			sourceTree = "<group>";
		};
		E51D07832D79DBA4001F8C5D /* TeamView */ = {
			isa = PBXGroup;
			children = (
				E51D07812D79DBA4001F8C5D /* AddTeamViewController.swift */,
				E51D07822D79DBA4001F8C5D /* TeamDetailViewController.swift */,
			);
			path = TeamView;
			sourceTree = "<group>";
		};
		E56A7F7C2D79E5C60043475A /* MemberView */ = {
			isa = PBXGroup;
			children = (
				E56A7F7E2D79E7250043475A /* ProfileViewController.swift */,
				E51D078B2D79E468001F8C5D /* MemberDetailViewController.swift */,
				E51D078A2D79E468001F8C5D /* MemberDetailView.swift */,
			);
			path = MemberView;
			sourceTree = "<group>";
		};
		EE732B9A9428602FC7DA125F /* Frameworks */ = {
			isa = PBXGroup;
			children = (
				645B5EE1E88B77EDDA0EBB9D /* Pods_NBCamp_TeamBoard.framework */,
			);
			name = Frameworks;
			sourceTree = "<group>";
		};
/* End PBXGroup section */

/* Begin PBXNativeTarget section */
		6181352F2D757E000007B7A5 /* NBCamp-TeamBoard */ = {
			isa = PBXNativeTarget;
			buildConfigurationList = 618135432D757E010007B7A5 /* Build configuration list for PBXNativeTarget "NBCamp-TeamBoard" */;
			buildPhases = (
				6F73CCE7BA9B80372CED4765 /* [CP] Check Pods Manifest.lock */,
				6181352C2D757E000007B7A5 /* Sources */,
				6181352D2D757E000007B7A5 /* Frameworks */,
				6181352E2D757E000007B7A5 /* Resources */,
				8402A18DE75D0A4103734C41 /* [CP] Embed Pods Frameworks */,
			);
			buildRules = (
			);
			dependencies = (
			);
			name = "NBCamp-TeamBoard";
			productName = "NBCamp-TeamBoard";
			productReference = 618135302D757E000007B7A5 /* NBCamp-TeamBoard.app */;
			productType = "com.apple.product-type.application";
		};
/* End PBXNativeTarget section */

/* Begin PBXProject section */
		618135282D757E000007B7A5 /* Project object */ = {
			isa = PBXProject;
			attributes = {
				BuildIndependentTargetsInParallel = 1;
				LastSwiftUpdateCheck = 1620;
				LastUpgradeCheck = 1620;
				TargetAttributes = {
					6181352F2D757E000007B7A5 = {
						CreatedOnToolsVersion = 16.2;
					};
				};
			};
			buildConfigurationList = 6181352B2D757E000007B7A5 /* Build configuration list for PBXProject "NBCamp-TeamBoard" */;
			developmentRegion = en;
			hasScannedForEncodings = 0;
			knownRegions = (
				en,
				Base,
			);
			mainGroup = 618135272D757E000007B7A5;
			minimizedProjectReferenceProxies = 1;
			preferredProjectObjectVersion = 77;
			productRefGroup = 618135312D757E000007B7A5 /* Products */;
			projectDirPath = "";
			projectRoot = "";
			targets = (
				6181352F2D757E000007B7A5 /* NBCamp-TeamBoard */,
			);
		};
/* End PBXProject section */

/* Begin PBXResourcesBuildPhase section */
		6181352E2D757E000007B7A5 /* Resources */ = {
			isa = PBXResourcesBuildPhase;
			buildActionMask = 2147483647;
			files = (
				E51D075D2D79D3DA001F8C5D /* Assets.xcassets in Resources */,
				E51D075F2D79D3DA001F8C5D /* LaunchScreen.storyboard in Resources */,
			);
			runOnlyForDeploymentPostprocessing = 0;
		};
/* End PBXResourcesBuildPhase section */

/* Begin PBXShellScriptBuildPhase section */
		6F73CCE7BA9B80372CED4765 /* [CP] Check Pods Manifest.lock */ = {
			isa = PBXShellScriptBuildPhase;
			buildActionMask = 2147483647;
			files = (
			);
			inputFileListPaths = (
			);
			inputPaths = (
				"${PODS_PODFILE_DIR_PATH}/Podfile.lock",
				"${PODS_ROOT}/Manifest.lock",
			);
			name = "[CP] Check Pods Manifest.lock";
			outputFileListPaths = (
			);
			outputPaths = (
				"$(DERIVED_FILE_DIR)/Pods-NBCamp-TeamBoard-checkManifestLockResult.txt",
			);
			runOnlyForDeploymentPostprocessing = 0;
			shellPath = /bin/sh;
			shellScript = "diff \"${PODS_PODFILE_DIR_PATH}/Podfile.lock\" \"${PODS_ROOT}/Manifest.lock\" > /dev/null\nif [ $? != 0 ] ; then\n    # print error to STDERR\n    echo \"error: The sandbox is not in sync with the Podfile.lock. Run 'pod install' or update your CocoaPods installation.\" >&2\n    exit 1\nfi\n# This output is used by Xcode 'outputs' to avoid re-running this script phase.\necho \"SUCCESS\" > \"${SCRIPT_OUTPUT_FILE_0}\"\n";
			showEnvVarsInLog = 0;
		};
		8402A18DE75D0A4103734C41 /* [CP] Embed Pods Frameworks */ = {
			isa = PBXShellScriptBuildPhase;
			buildActionMask = 2147483647;
			files = (
			);
			inputFileListPaths = (
				"${PODS_ROOT}/Target Support Files/Pods-NBCamp-TeamBoard/Pods-NBCamp-TeamBoard-frameworks-${CONFIGURATION}-input-files.xcfilelist",
			);
			name = "[CP] Embed Pods Frameworks";
			outputFileListPaths = (
				"${PODS_ROOT}/Target Support Files/Pods-NBCamp-TeamBoard/Pods-NBCamp-TeamBoard-frameworks-${CONFIGURATION}-output-files.xcfilelist",
			);
			runOnlyForDeploymentPostprocessing = 0;
			shellPath = /bin/sh;
			shellScript = "\"${PODS_ROOT}/Target Support Files/Pods-NBCamp-TeamBoard/Pods-NBCamp-TeamBoard-frameworks.sh\"\n";
			showEnvVarsInLog = 0;
		};
/* End PBXShellScriptBuildPhase section */

/* Begin PBXSourcesBuildPhase section */
		6181352C2D757E000007B7A5 /* Sources */ = {
			isa = PBXSourcesBuildPhase;
			buildActionMask = 2147483647;
			files = (
				E51D07602D79D3DA001F8C5D /* CoreDataManager.swift in Sources */,
				E51D07612D79D3DA001F8C5D /* MainViewModel.swift in Sources */,
				E51D07792D79D41A001F8C5D /* AddMemberCell.swift in Sources */,
				E51D077A2D79D41A001F8C5D /* AddTeamCell.swift in Sources */,
				E51D077C2D79D41A001F8C5D /* MainViewController.swift in Sources */,
				E51D077D2D79D41A001F8C5D /* MemberCell.swift in Sources */,
				E51D077E2D79D41A001F8C5D /* TeamCell.swift in Sources */,
				E51D077F2D79D41A001F8C5D /* TitleSupplementaryView.swift in Sources */,
				E51D07842D79DBA4001F8C5D /* AddTeamViewController.swift in Sources */,
				E51D07852D79DBA4001F8C5D /* TeamDetailViewController.swift in Sources */,
				E51D076C2D79D3DA001F8C5D /* AppDelegate.swift in Sources */,
				E51D078C2D79E468001F8C5D /* MemberDetailView.swift in Sources */,
				E51D078D2D79E468001F8C5D /* MemberDetailViewController.swift in Sources */,
				E51D076D2D79D3DA001F8C5D /* SceneDelegate.swift in Sources */,
				E56A7F802D79E7250043475A /* ProfileViewController.swift in Sources */,
				E51D076E2D79D3DA001F8C5D /* TeamData.xcdatamodeld in Sources */,
			);
			runOnlyForDeploymentPostprocessing = 0;
		};
/* End PBXSourcesBuildPhase section */

/* Begin PBXVariantGroup section */
		E51D07572D79D3DA001F8C5D /* LaunchScreen.storyboard */ = {
			isa = PBXVariantGroup;
			children = (
				E51D07562D79D3DA001F8C5D /* Base */,
			);
			name = LaunchScreen.storyboard;
			sourceTree = "<group>";
		};
/* End PBXVariantGroup section */

/* Begin XCBuildConfiguration section */
		618135442D757E010007B7A5 /* Debug */ = {
			isa = XCBuildConfiguration;
			baseConfigurationReference = 18A8A5D12FCE0E4BB2E9317B /* Pods-NBCamp-TeamBoard.debug.xcconfig */;
			buildSettings = {
				ASSETCATALOG_COMPILER_APPICON_NAME = AppIcon;
				ASSETCATALOG_COMPILER_GLOBAL_ACCENT_COLOR_NAME = AccentColor;
				CODE_SIGN_STYLE = Automatic;
				CURRENT_PROJECT_VERSION = 1;
				ENABLE_USER_SCRIPT_SANDBOXING = NO;
				GENERATE_INFOPLIST_FILE = YES;
				INFOPLIST_FILE = "NBCamp-TeamBoard/Info.plist";
				INFOPLIST_KEY_UIApplicationSupportsIndirectInputEvents = YES;
				INFOPLIST_KEY_UILaunchStoryboardName = LaunchScreen;
				INFOPLIST_KEY_UISupportedInterfaceOrientations_iPad = "UIInterfaceOrientationPortrait UIInterfaceOrientationPortraitUpsideDown UIInterfaceOrientationLandscapeLeft UIInterfaceOrientationLandscapeRight";
				INFOPLIST_KEY_UISupportedInterfaceOrientations_iPhone = "UIInterfaceOrientationPortrait UIInterfaceOrientationLandscapeLeft UIInterfaceOrientationLandscapeRight";
				IPHONEOS_DEPLOYMENT_TARGET = 15.0;
				LD_RUNPATH_SEARCH_PATHS = (
					"$(inherited)",
					"@executable_path/Frameworks",
				);
				MARKETING_VERSION = 1.0;
				PRODUCT_BUNDLE_IDENTIFIER = "TeamBoard.NBCamp-TeamBoard";
				PRODUCT_NAME = "$(TARGET_NAME)";
				SWIFT_EMIT_LOC_STRINGS = YES;
				SWIFT_VERSION = 5.0;
				TARGETED_DEVICE_FAMILY = "1,2";
			};
			name = Debug;
		};
		618135452D757E010007B7A5 /* Release */ = {
			isa = XCBuildConfiguration;
			baseConfigurationReference = 0047981FD8A9E11CB13C0D24 /* Pods-NBCamp-TeamBoard.release.xcconfig */;
			buildSettings = {
				ASSETCATALOG_COMPILER_APPICON_NAME = AppIcon;
				ASSETCATALOG_COMPILER_GLOBAL_ACCENT_COLOR_NAME = AccentColor;
				CODE_SIGN_STYLE = Automatic;
				CURRENT_PROJECT_VERSION = 1;
				ENABLE_USER_SCRIPT_SANDBOXING = NO;
				GENERATE_INFOPLIST_FILE = YES;
				INFOPLIST_FILE = "NBCamp-TeamBoard/Info.plist";
				INFOPLIST_KEY_UIApplicationSupportsIndirectInputEvents = YES;
				INFOPLIST_KEY_UILaunchStoryboardName = LaunchScreen;
				INFOPLIST_KEY_UISupportedInterfaceOrientations_iPad = "UIInterfaceOrientationPortrait UIInterfaceOrientationPortraitUpsideDown UIInterfaceOrientationLandscapeLeft UIInterfaceOrientationLandscapeRight";
				INFOPLIST_KEY_UISupportedInterfaceOrientations_iPhone = "UIInterfaceOrientationPortrait UIInterfaceOrientationLandscapeLeft UIInterfaceOrientationLandscapeRight";
				IPHONEOS_DEPLOYMENT_TARGET = 15.0;
				LD_RUNPATH_SEARCH_PATHS = (
					"$(inherited)",
					"@executable_path/Frameworks",
				);
				MARKETING_VERSION = 1.0;
				PRODUCT_BUNDLE_IDENTIFIER = "TeamBoard.NBCamp-TeamBoard";
				PRODUCT_NAME = "$(TARGET_NAME)";
				SWIFT_EMIT_LOC_STRINGS = YES;
				SWIFT_VERSION = 5.0;
				TARGETED_DEVICE_FAMILY = "1,2";
			};
			name = Release;
		};
		618135462D757E010007B7A5 /* Debug */ = {
			isa = XCBuildConfiguration;
			buildSettings = {
				ALWAYS_SEARCH_USER_PATHS = NO;
				ASSETCATALOG_COMPILER_GENERATE_SWIFT_ASSET_SYMBOL_EXTENSIONS = YES;
				CLANG_ANALYZER_NONNULL = YES;
				CLANG_ANALYZER_NUMBER_OBJECT_CONVERSION = YES_AGGRESSIVE;
				CLANG_CXX_LANGUAGE_STANDARD = "gnu++20";
				CLANG_ENABLE_MODULES = YES;
				CLANG_ENABLE_OBJC_ARC = YES;
				CLANG_ENABLE_OBJC_WEAK = YES;
				CLANG_WARN_BLOCK_CAPTURE_AUTORELEASING = YES;
				CLANG_WARN_BOOL_CONVERSION = YES;
				CLANG_WARN_COMMA = YES;
				CLANG_WARN_CONSTANT_CONVERSION = YES;
				CLANG_WARN_DEPRECATED_OBJC_IMPLEMENTATIONS = YES;
				CLANG_WARN_DIRECT_OBJC_ISA_USAGE = YES_ERROR;
				CLANG_WARN_DOCUMENTATION_COMMENTS = YES;
				CLANG_WARN_EMPTY_BODY = YES;
				CLANG_WARN_ENUM_CONVERSION = YES;
				CLANG_WARN_INFINITE_RECURSION = YES;
				CLANG_WARN_INT_CONVERSION = YES;
				CLANG_WARN_NON_LITERAL_NULL_CONVERSION = YES;
				CLANG_WARN_OBJC_IMPLICIT_RETAIN_SELF = YES;
				CLANG_WARN_OBJC_LITERAL_CONVERSION = YES;
				CLANG_WARN_OBJC_ROOT_CLASS = YES_ERROR;
				CLANG_WARN_QUOTED_INCLUDE_IN_FRAMEWORK_HEADER = YES;
				CLANG_WARN_RANGE_LOOP_ANALYSIS = YES;
				CLANG_WARN_STRICT_PROTOTYPES = YES;
				CLANG_WARN_SUSPICIOUS_MOVE = YES;
				CLANG_WARN_UNGUARDED_AVAILABILITY = YES_AGGRESSIVE;
				CLANG_WARN_UNREACHABLE_CODE = YES;
				CLANG_WARN__DUPLICATE_METHOD_MATCH = YES;
				COPY_PHASE_STRIP = NO;
				DEBUG_INFORMATION_FORMAT = dwarf;
				ENABLE_STRICT_OBJC_MSGSEND = YES;
				ENABLE_TESTABILITY = YES;
				ENABLE_USER_SCRIPT_SANDBOXING = YES;
				GCC_C_LANGUAGE_STANDARD = gnu17;
				GCC_DYNAMIC_NO_PIC = NO;
				GCC_NO_COMMON_BLOCKS = YES;
				GCC_OPTIMIZATION_LEVEL = 0;
				GCC_PREPROCESSOR_DEFINITIONS = (
					"DEBUG=1",
					"$(inherited)",
				);
				GCC_WARN_64_TO_32_BIT_CONVERSION = YES;
				GCC_WARN_ABOUT_RETURN_TYPE = YES_ERROR;
				GCC_WARN_UNDECLARED_SELECTOR = YES;
				GCC_WARN_UNINITIALIZED_AUTOS = YES_AGGRESSIVE;
				GCC_WARN_UNUSED_FUNCTION = YES;
				GCC_WARN_UNUSED_VARIABLE = YES;
				IPHONEOS_DEPLOYMENT_TARGET = 18.2;
				LOCALIZATION_PREFERS_STRING_CATALOGS = YES;
				MTL_ENABLE_DEBUG_INFO = INCLUDE_SOURCE;
				MTL_FAST_MATH = YES;
				ONLY_ACTIVE_ARCH = YES;
				SDKROOT = iphoneos;
				SWIFT_ACTIVE_COMPILATION_CONDITIONS = "DEBUG $(inherited)";
				SWIFT_OPTIMIZATION_LEVEL = "-Onone";
			};
			name = Debug;
		};
		618135472D757E010007B7A5 /* Release */ = {
			isa = XCBuildConfiguration;
			buildSettings = {
				ALWAYS_SEARCH_USER_PATHS = NO;
				ASSETCATALOG_COMPILER_GENERATE_SWIFT_ASSET_SYMBOL_EXTENSIONS = YES;
				CLANG_ANALYZER_NONNULL = YES;
				CLANG_ANALYZER_NUMBER_OBJECT_CONVERSION = YES_AGGRESSIVE;
				CLANG_CXX_LANGUAGE_STANDARD = "gnu++20";
				CLANG_ENABLE_MODULES = YES;
				CLANG_ENABLE_OBJC_ARC = YES;
				CLANG_ENABLE_OBJC_WEAK = YES;
				CLANG_WARN_BLOCK_CAPTURE_AUTORELEASING = YES;
				CLANG_WARN_BOOL_CONVERSION = YES;
				CLANG_WARN_COMMA = YES;
				CLANG_WARN_CONSTANT_CONVERSION = YES;
				CLANG_WARN_DEPRECATED_OBJC_IMPLEMENTATIONS = YES;
				CLANG_WARN_DIRECT_OBJC_ISA_USAGE = YES_ERROR;
				CLANG_WARN_DOCUMENTATION_COMMENTS = YES;
				CLANG_WARN_EMPTY_BODY = YES;
				CLANG_WARN_ENUM_CONVERSION = YES;
				CLANG_WARN_INFINITE_RECURSION = YES;
				CLANG_WARN_INT_CONVERSION = YES;
				CLANG_WARN_NON_LITERAL_NULL_CONVERSION = YES;
				CLANG_WARN_OBJC_IMPLICIT_RETAIN_SELF = YES;
				CLANG_WARN_OBJC_LITERAL_CONVERSION = YES;
				CLANG_WARN_OBJC_ROOT_CLASS = YES_ERROR;
				CLANG_WARN_QUOTED_INCLUDE_IN_FRAMEWORK_HEADER = YES;
				CLANG_WARN_RANGE_LOOP_ANALYSIS = YES;
				CLANG_WARN_STRICT_PROTOTYPES = YES;
				CLANG_WARN_SUSPICIOUS_MOVE = YES;
				CLANG_WARN_UNGUARDED_AVAILABILITY = YES_AGGRESSIVE;
				CLANG_WARN_UNREACHABLE_CODE = YES;
				CLANG_WARN__DUPLICATE_METHOD_MATCH = YES;
				COPY_PHASE_STRIP = NO;
				DEBUG_INFORMATION_FORMAT = "dwarf-with-dsym";
				ENABLE_NS_ASSERTIONS = NO;
				ENABLE_STRICT_OBJC_MSGSEND = YES;
				ENABLE_USER_SCRIPT_SANDBOXING = YES;
				GCC_C_LANGUAGE_STANDARD = gnu17;
				GCC_NO_COMMON_BLOCKS = YES;
				GCC_WARN_64_TO_32_BIT_CONVERSION = YES;
				GCC_WARN_ABOUT_RETURN_TYPE = YES_ERROR;
				GCC_WARN_UNDECLARED_SELECTOR = YES;
				GCC_WARN_UNINITIALIZED_AUTOS = YES_AGGRESSIVE;
				GCC_WARN_UNUSED_FUNCTION = YES;
				GCC_WARN_UNUSED_VARIABLE = YES;
				IPHONEOS_DEPLOYMENT_TARGET = 18.2;
				LOCALIZATION_PREFERS_STRING_CATALOGS = YES;
				MTL_ENABLE_DEBUG_INFO = NO;
				MTL_FAST_MATH = YES;
				SDKROOT = iphoneos;
				SWIFT_COMPILATION_MODE = wholemodule;
				VALIDATE_PRODUCT = YES;
			};
			name = Release;
		};
/* End XCBuildConfiguration section */

/* Begin XCConfigurationList section */
		6181352B2D757E000007B7A5 /* Build configuration list for PBXProject "NBCamp-TeamBoard" */ = {
			isa = XCConfigurationList;
			buildConfigurations = (
				618135462D757E010007B7A5 /* Debug */,
				618135472D757E010007B7A5 /* Release */,
			);
			defaultConfigurationIsVisible = 0;
			defaultConfigurationName = Release;
		};
		618135432D757E010007B7A5 /* Build configuration list for PBXNativeTarget "NBCamp-TeamBoard" */ = {
			isa = XCConfigurationList;
			buildConfigurations = (
				618135442D757E010007B7A5 /* Debug */,
				618135452D757E010007B7A5 /* Release */,
			);
			defaultConfigurationIsVisible = 0;
			defaultConfigurationName = Release;
		};
/* End XCConfigurationList section */

/* Begin XCVersionGroup section */
		E51D07592D79D3DA001F8C5D /* TeamData.xcdatamodeld */ = {
			isa = XCVersionGroup;
			children = (
				E51D075C2D79D3DA001F8C5D /* TeamData.xcdatamodel */,
			);
			currentVersion = E51D075C2D79D3DA001F8C5D /* TeamData.xcdatamodel */;
			path = TeamData.xcdatamodeld;
			sourceTree = "<group>";
			versionGroupType = wrapper.xcdatamodel;
		};
/* End XCVersionGroup section */
	};
	rootObject = 618135282D757E000007B7A5 /* Project object */;
}
